
Microsoft Visual Studio Solution File, Format Version 12.00
# Visual Studio Version 17
VisualStudioVersion = 17.3.32922.545
MinimumVisualStudioVersion = 10.0.40219.1
Project("{FAE04EC0-301F-11D3-BF4B-00C04F79EFBC}") = "TicTacToe", "TicTacToe\TicTacToe.csproj", "{5A4E128E-7649-48EC-8A8B-A3D0B7D2EC0E}"
EndProject
Global
	GlobalSection(SolutionConfigurationPlatforms) = preSolution
		Debug|Any CPU = Debug|Any CPU
		Release|Any CPU = Release|Any CPU
	EndGlobalSection
	GlobalSection(ProjectConfigurationPlatforms) = postSolution
		{5A4E128E-7649-48EC-8A8B-A3D0B7D2EC0E}.Debug|Any CPU.ActiveCfg = Debug|Any CPU
		{5A4E128E-7649-48EC-8A8B-A3D0B7D2EC0E}.Debug|Any CPU.Build.0 = Debug|Any CPU
		{5A4E128E-7649-48EC-8A8B-A3D0B7D2EC0E}.Release|Any CPU.ActiveCfg = Release|Any CPU
		{5A4E128E-7649-48EC-8A8B-A3D0B7D2EC0E}.Release|Any CPU.Build.0 = Release|Any CPU
	EndGlobalSection
	GlobalSection(SolutionProperties) = preSolution
		HideSolutionNode = FALSE
	EndGlobalSection
	GlobalSection(ExtensibilityGlobals) = postSolution
		SolutionGuid = {B29DFBB1-D7F5-491B-B108-D742DB9751C6}
	EndGlobalSection
EndGlobal
